// !$*UTF8*$!
{
	archiveVersion = 1;
	classes = {
	};
	objectVersion = 46;
	objects = {

/* Begin PBXBuildFile section */
		F0CB5F311D70071D00A95880 /* AppDelegate.swift in Sources */ = {isa = PBXBuildFile; fileRef = F0CB5F301D70071D00A95880 /* AppDelegate.swift */; };
		F0CB5F331D70071D00A95880 /* ViewController.swift in Sources */ = {isa = PBXBuildFile; fileRef = F0CB5F321D70071D00A95880 /* ViewController.swift */; };
		F0CB5F361D70071D00A95880 /* Main.storyboard in Resources */ = {isa = PBXBuildFile; fileRef = F0CB5F341D70071D00A95880 /* Main.storyboard */; };
		F0CB5F381D70071D00A95880 /* Assets.xcassets in Resources */ = {isa = PBXBuildFile; fileRef = F0CB5F371D70071D00A95880 /* Assets.xcassets */; };
		F0CB5F3B1D70071D00A95880 /* LaunchScreen.storyboard in Resources */ = {isa = PBXBuildFile; fileRef = F0CB5F391D70071D00A95880 /* LaunchScreen.storyboard */; };
		F0CB5F431D700ABB00A95880 /* Object.swift in Sources */ = {isa = PBXBuildFile; fileRef = F0CB5F421D700ABB00A95880 /* Object.swift */; };
/* End PBXBuildFile section */

/* Begin PBXFileReference section */
		F0CB5F2D1D70071D00A95880 /* test2.app */ = {isa = PBXFileReference; explicitFileType = wrapper.application; includeInIndex = 0; path = test2.app; sourceTree = BUILT_PRODUCTS_DIR; };
		F0CB5F301D70071D00A95880 /* AppDelegate.swift */ = {isa = PBXFileReference; lastKnownFileType = sourcecode.swift; path = AppDelegate.swift; sourceTree = "<group>"; };
		F0CB5F321D70071D00A95880 /* ViewController.swift */ = {isa = PBXFileReference; lastKnownFileType = sourcecode.swift; path = ViewController.swift; sourceTree = "<group>"; };
		F0CB5F351D70071D00A95880 /* Base */ = {isa = PBXFileReference; lastKnownFileType = file.storyboard; name = Base; path = Base.lproj/Main.storyboard; sourceTree = "<group>"; };
		F0CB5F371D70071D00A95880 /* Assets.xcassets */ = {isa = PBXFileReference; lastKnownFileType = folder.assetcatalog; path = Assets.xcassets; sourceTree = "<group>"; };
		F0CB5F3A1D70071D00A95880 /* Base */ = {isa = PBXFileReference; lastKnownFileType = file.storyboard; name = Base; path = Base.lproj/LaunchScreen.storyboard; sourceTree = "<group>"; };
		F0CB5F3C1D70071D00A95880 /* Info.plist */ = {isa = PBXFileReference; lastKnownFileType = text.plist.xml; path = Info.plist; sourceTree = "<group>"; };
		F0CB5F421D700ABB00A95880 /* Object.swift */ = {isa = PBXFileReference; fileEncoding = 4; lastKnownFileType = sourcecode.swift; path = Object.swift; sourceTree = "<group>"; };
/* End PBXFileReference section */

/* Begin PBXFrameworksBuildPhase section */
		F0CB5F2A1D70071D00A95880 /* Frameworks */ = {
			isa = PBXFrameworksBuildPhase;
			buildActionMask = 2147483647;
			files = (
			);
			runOnlyForDeploymentPostprocessing = 0;
		};
/* End PBXFrameworksBuildPhase section */

/* Begin PBXGroup section */
		F0CB5F241D70071D00A95880 = {
			isa = PBXGroup;
			children = (
				F0CB5F2F1D70071D00A95880 /* test2 */,
				F0CB5F2E1D70071D00A95880 /* Products */,
			);
			sourceTree = "<group>";
		};
		F0CB5F2E1D70071D00A95880 /* Products */ = {
			isa = PBXGroup;
			children = (
				F0CB5F2D1D70071D00A95880 /* test2.app */,
			);
			name = Products;
			sourceTree = "<group>";
		};
		F0CB5F2F1D70071D00A95880 /* test2 */ = {
			isa = PBXGroup;
			children = (
				F0CB5F301D70071D00A95880 /* AppDelegate.swift */,
				F0CB5F321D70071D00A95880 /* ViewController.swift */,
				F0CB5F341D70071D00A95880 /* Main.storyboard */,
				F0CB5F371D70071D00A95880 /* Assets.xcassets */,
				F0CB5F391D70071D00A95880 /* LaunchScreen.storyboard */,
				F0CB5F3C1D70071D00A95880 /* Info.plist */,
				F0CB5F421D700ABB00A95880 /* Object.swift */,
			);
			path = test2;
			sourceTree = "<group>";
		};
/* End PBXGroup section */

/* Begin PBXNativeTarget section */
		F0CB5F2C1D70071D00A95880 /* test2 */ = {
			isa = PBXNativeTarget;
			buildConfigurationList = F0CB5F3F1D70071D00A95880 /* Build configuration list for PBXNativeTarget "test2" */;
			buildPhases = (
				F0CB5F291D70071D00A95880 /* Sources */,
				F0CB5F2A1D70071D00A95880 /* Frameworks */,
				F0CB5F2B1D70071D00A95880 /* Resources */,
			);
			buildRules = (
			);
			dependencies = (
			);
			name = test2;
			productName = test2;
			productReference = F0CB5F2D1D70071D00A95880 /* test2.app */;
			productType = "com.apple.product-type.application";
		};
/* End PBXNativeTarget section */

/* Begin PBXProject section */
		F0CB5F251D70071D00A95880 /* Project object */ = {
			isa = PBXProject;
			attributes = {
				LastSwiftUpdateCheck = 0720;
				LastUpgradeCheck = 0720;
				ORGANIZATIONNAME = Shivani;
				TargetAttributes = {
					F0CB5F2C1D70071D00A95880 = {
						CreatedOnToolsVersion = 7.2;
					};
				};
			};
			buildConfigurationList = F0CB5F281D70071D00A95880 /* Build configuration list for PBXProject "test2" */;
			compatibilityVersion = "Xcode 3.2";
			developmentRegion = English;
			hasScannedForEncodings = 0;
			knownRegions = (
				en,
				Base,
			);
			mainGroup = F0CB5F241D70071D00A95880;
			productRefGroup = F0CB5F2E1D70071D00A95880 /* Products */;
			projectDirPath = "";
			projectRoot = "";
			targets = (
				F0CB5F2C1D70071D00A95880 /* test2 */,
			);
		};
/* End PBXProject section */

/* Begin PBXResourcesBuildPhase section */
		F0CB5F2B1D70071D00A95880 /* Resources */ = {
			isa = PBXResourcesBuildPhase;
			buildActionMask = 2147483647;
			files = (
				F0CB5F3B1D70071D00A95880 /* LaunchScreen.storyboard in Resources */,
				F0CB5F381D70071D00A95880 /* Assets.xcassets in Resources */,
				F0CB5F361D70071D00A95880 /* Main.storyboard in Resources */,
			);
			runOnlyForDeploymentPostprocessing = 0;
		};
/* End PBXResourcesBuildPhase section */

/* Begin PBXSourcesBuildPhase section */
		F0CB5F291D70071D00A95880 /* Sources */ = {
			isa = PBXSourcesBuildPhase;
			buildActionMask = 2147483647;
			files = (
				F0CB5F331D70071D00A95880 /* ViewController.swift in Sources */,
				F0CB5F431D700ABB00A95880 /* Object.swift in Sources */,
				F0CB5F311D70071D00A95880 /* AppDelegate.swift in Sources */,
			);
			runOnlyForDeploymentPostprocessing = 0;
		};
/* End PBXSourcesBuildPhase section */

/* Begin PBXVariantGroup section */
		F0CB5F341D70071D00A95880 /* Main.storyboard */ = {
			isa = PBXVariantGroup;
			children = (
				F0CB5F351D70071D00A95880 /* Base */,
			);
			name = Main.storyboard;
			sourceTree = "<group>";
		};
		F0CB5F391D70071D00A95880 /* LaunchScreen.storyboard */ = {
			isa = PBXVariantGroup;
			children = (
				F0CB5F3A1D70071D00A95880 /* Base */,
			);
			name = LaunchScreen.storyboard;
			sourceTree = "<group>";
		};
/* End PBXVariantGroup section */

/* Begin XCBuildConfiguration section */
		F0CB5F3D1D70071D00A95880 /* Debug */ = {
			isa = XCBuildConfiguration;
			buildSettings = {
				ALWAYS_SEARCH_USER_PATHS = NO;
				CLANG_CXX_LANGUAGE_STANDARD = "gnu++0x";
				CLANG_CXX_LIBRARY = "libc++";
				CLANG_ENABLE_MODULES = YES;
				CLANG_ENABLE_OBJC_ARC = YES;
				CLANG_WARN_BOOL_CONVERSION = YES;
				CLANG_WARN_CONSTANT_CONVERSION = YES;
				CLANG_WARN_DIRECT_OBJC_ISA_USAGE = YES_ERROR;
				CLANG_WARN_EMPTY_BODY = YES;
				CLANG_WARN_ENUM_CONVERSION = YES;
				CLANG_WARN_INT_CONVERSION = YES;
				CLANG_WARN_OBJC_ROOT_CLASS = YES_ERROR;
				CLANG_WARN_UNREACHABLE_CODE = YES;
				CLANG_WARN__DUPLICATE_METHOD_MATCH = YES;
				"CODE_SIGN_IDENTITY[sdk=iphoneos*]" = "iPhone Developer";
				COPY_PHASE_STRIP = NO;
				DEBUG_INFORMATION_FORMAT = dwarf;
				ENABLE_STRICT_OBJC_MSGSEND = YES;
				ENABLE_TESTABILITY = YES;
				GCC_C_LANGUAGE_STANDARD = gnu99;
				GCC_DYNAMIC_NO_PIC = NO;
				GCC_NO_COMMON_BLOCKS = YES;
				GCC_OPTIMIZATION_LEVEL = 0;
				GCC_PREPROCESSOR_DEFINITIONS = (
					"DEBUG=1",
					"$(inherited)",
				);
				GCC_WARN_64_TO_32_BIT_CONVERSION = YES;
				GCC_WARN_ABOUT_RETURN_TYPE = YES_ERROR;
				GCC_WARN_UNDECLARED_SELECTOR = YES;
				GCC_WARN_UNINITIALIZED_AUTOS = YES_AGGRESSIVE;
				GCC_WARN_UNUSED_FUNCTION = YES;
				GCC_WARN_UNUSED_VARIABLE = YES;
				IPHONEOS_DEPLOYMENT_TARGET = 9.2;
				MTL_ENABLE_DEBUG_INFO = YES;
				ONLY_ACTIVE_ARCH = YES;
				SDKROOT = iphoneos;
				SWIFT_OPTIMIZATION_LEVEL = "-Onone";
			};
			name = Debug;
		};
		F0CB5F3E1D70071D00A95880 /* Release */ = {
			isa = XCBuildConfiguration;
			buildSettings = {
				ALWAYS_SEARCH_USER_PATHS = NO;
				CLANG_CXX_LANGUAGE_STANDARD = "gnu++0x";
				CLANG_CXX_LIBRARY = "libc++";
				CLANG_ENABLE_MODULES = YES;
				CLANG_ENABLE_OBJC_ARC = YES;
				CLANG_WARN_BOOL_CONVERSION = YES;
				CLANG_WARN_CONSTANT_CONVERSION = YES;
				CLANG_WARN_DIRECT_OBJC_ISA_USAGE = YES_ERROR;
				CLANG_WARN_EMPTY_BODY = YES;
				CLANG_WARN_ENUM_CONVERSION = YES;
				CLANG_WARN_INT_CONVERSION = YES;
				CLANG_WARN_OBJC_ROOT_CLASS = YES_ERROR;
				CLANG_WARN_UNREACHABLE_CODE = YES;
				CLANG_WARN__DUPLICATE_METHOD_MATCH = YES;
				"CODE_SIGN_IDENTITY[sdk=iphoneos*]" = "iPhone Developer";
				COPY_PHASE_STRIP = NO;
				DEBUG_INFORMATION_FORMAT = "dwarf-with-dsym";
				ENABLE_NS_ASSERTIONS = NO;
				ENABLE_STRICT_OBJC_MSGSEND = YES;
				GCC_C_LANGUAGE_STANDARD = gnu99;
				GCC_NO_COMMON_BLOCKS = YES;
				GCC_WARN_64_TO_32_BIT_CONVERSION = YES;
				GCC_WARN_ABOUT_RETURN_TYPE = YES_ERROR;
				GCC_WARN_UNDECLARED_SELECTOR = YES;
				GCC_WARN_UNINITIALIZED_AUTOS = YES_AGGRESSIVE;
				GCC_WARN_UNUSED_FUNCTION = YES;
				GCC_WARN_UNUSED_VARIABLE = YES;
				IPHONEOS_DEPLOYMENT_TARGET = 9.2;
				MTL_ENABLE_DEBUG_INFO = NO;
				SDKROOT = iphoneos;
				VALIDATE_PRODUCT = YES;
			};
			name = Release;
		};
		F0CB5F401D70071D00A95880 /* Debug */ = {
			isa = XCBuildConfiguration;
			buildSettings = {
				ASSETCATALOG_COMPILER_APPICON_NAME = AppIcon;
				INFOPLIST_FILE = test2/Info.plist;
				LD_RUNPATH_SEARCH_PATHS = "$(inherited) @executable_path/Frameworks";
				PRODUCT_BUNDLE_IDENTIFIER = com.shivani.test2;
				PRODUCT_NAME = "$(TARGET_NAME)";
			};
			name = Debug;
		};
		F0CB5F411D70071D00A95880 /* Release */ = {
			isa = XCBuildConfiguration;
			buildSettings = {
				ASSETCATALOG_COMPILER_APPICON_NAME = AppIcon;
				INFOPLIST_FILE = test2/Info.plist;
				LD_RUNPATH_SEARCH_PATHS = "$(inherited) @executable_path/Frameworks";
				PRODUCT_BUNDLE_IDENTIFIER = com.shivani.test2;
				PRODUCT_NAME = "$(TARGET_NAME)";
			};
			name = Release;
		};
/* End XCBuildConfiguration section */

/* Begin XCConfigurationList section */
		F0CB5F281D70071D00A95880 /* Build configuration list for PBXProject "test2" */ = {
			isa = XCConfigurationList;
			buildConfigurations = (
				F0CB5F3D1D70071D00A95880 /* Debug */,
				F0CB5F3E1D70071D00A95880 /* Release */,
			);
			defaultConfigurationIsVisible = 0;
			defaultConfigurationName = Release;
		};
		F0CB5F3F1D70071D00A95880 /* Build configuration list for PBXNativeTarget "test2" */ = {
			isa = XCConfigurationList;
			buildConfigurations = (
				F0CB5F401D70071D00A95880 /* Debug */,
				F0CB5F411D70071D00A95880 /* Release */,
			);
			defaultConfigurationIsVisible = 0;
		};
/* End XCConfigurationList section */
	};
	rootObject = F0CB5F251D70071D00A95880 /* Project object */;
}
